
Microsoft Visual Studio Solution File, Format Version 12.00
# Visual Studio Version 16
VisualStudioVersion = 16.0.31702.278
MinimumVisualStudioVersion = 10.0.40219.1
Project("{9A19103F-16F7-4668-BE54-9A1E7A4F7556}") = "Prova_Pratica_Desenvolvedor", "Prova_Pratica_Desenvolvedor\Prova_Pratica_Desenvolvedor.csproj", "{CBBB71EA-4691-4AA9-B6E5-980128C75FD1}"
EndProject
Global
	GlobalSection(SolutionConfigurationPlatforms) = preSolution
		Debug|Any CPU = Debug|Any CPU
		Release|Any CPU = Release|Any CPU
	EndGlobalSection
	GlobalSection(ProjectConfigurationPlatforms) = postSolution
		{CBBB71EA-4691-4AA9-B6E5-980128C75FD1}.Debug|Any CPU.ActiveCfg = Debug|Any CPU
		{CBBB71EA-4691-4AA9-B6E5-980128C75FD1}.Debug|Any CPU.Build.0 = Debug|Any CPU
		{CBBB71EA-4691-4AA9-B6E5-980128C75FD1}.Release|Any CPU.ActiveCfg = Release|Any CPU
		{CBBB71EA-4691-4AA9-B6E5-980128C75FD1}.Release|Any CPU.Build.0 = Release|Any CPU
	EndGlobalSection
	GlobalSection(SolutionProperties) = preSolution
		HideSolutionNode = FALSE
	EndGlobalSection
	GlobalSection(ExtensibilityGlobals) = postSolution
		SolutionGuid = {67E23ABA-3260-498E-A1C3-82D5DC30EB47}
	EndGlobalSection
EndGlobal
